
Microsoft Visual Studio Solution File, Format Version 12.00
# Visual Studio 15
VisualStudioVersion = 15.0.28307.106
MinimumVisualStudioVersion = 10.0.40219.1
Project("{FAE04EC0-301F-11D3-BF4B-00C04F79EFBC}") = "HexagonMiningTakeHome", "HexagonMiningTakeHome\HexagonMiningTakeHome.csproj", "{5B45B6D1-1133-45AC-8325-F0798799FDE4}"
EndProject
Project("{FAE04EC0-301F-11D3-BF4B-00C04F79EFBC}") = "HexagonMiningTakeHome.UnitTests", "HexagonMiningTakeHome.UnitTests\HexagonMiningTakeHome.UnitTests.csproj", "{F55BB0A5-9CF3-47F9-A86B-CC7DDBEB21F8}"
EndProject
Global
	GlobalSection(SolutionConfigurationPlatforms) = preSolution
		Debug|Any CPU = Debug|Any CPU
		Release|Any CPU = Release|Any CPU
	EndGlobalSection
	GlobalSection(ProjectConfigurationPlatforms) = postSolution
		{5B45B6D1-1133-45AC-8325-F0798799FDE4}.Debug|Any CPU.ActiveCfg = Debug|Any CPU
		{5B45B6D1-1133-45AC-8325-F0798799FDE4}.Debug|Any CPU.Build.0 = Debug|Any CPU
		{5B45B6D1-1133-45AC-8325-F0798799FDE4}.Release|Any CPU.ActiveCfg = Release|Any CPU
		{5B45B6D1-1133-45AC-8325-F0798799FDE4}.Release|Any CPU.Build.0 = Release|Any CPU
		{F55BB0A5-9CF3-47F9-A86B-CC7DDBEB21F8}.Debug|Any CPU.ActiveCfg = Debug|Any CPU
		{F55BB0A5-9CF3-47F9-A86B-CC7DDBEB21F8}.Debug|Any CPU.Build.0 = Debug|Any CPU
		{F55BB0A5-9CF3-47F9-A86B-CC7DDBEB21F8}.Release|Any CPU.ActiveCfg = Release|Any CPU
		{F55BB0A5-9CF3-47F9-A86B-CC7DDBEB21F8}.Release|Any CPU.Build.0 = Release|Any CPU
	EndGlobalSection
	GlobalSection(SolutionProperties) = preSolution
		HideSolutionNode = FALSE
	EndGlobalSection
	GlobalSection(ExtensibilityGlobals) = postSolution
		SolutionGuid = {0B4508B7-6C2C-46B9-99BB-A0D189B0B8FB}
	EndGlobalSection
EndGlobal
